
Microsoft Visual Studio Solution File, Format Version 12.00
# Visual Studio Version 17
VisualStudioVersion = 17.3.32929.385
MinimumVisualStudioVersion = 10.0.40219.1
Project("{FAE04EC0-301F-11D3-BF4B-00C04F79EFBC}") = "Netflix2", "Netflix2\Netflix2.csproj", "{042DB09B-F30F-4A1D-A318-348068258F60}"
EndProject
Global
	GlobalSection(SolutionConfigurationPlatforms) = preSolution
		Debug|Any CPU = Debug|Any CPU
		Release|Any CPU = Release|Any CPU
	EndGlobalSection
	GlobalSection(ProjectConfigurationPlatforms) = postSolution
		{042DB09B-F30F-4A1D-A318-348068258F60}.Debug|Any CPU.ActiveCfg = Debug|Any CPU
		{042DB09B-F30F-4A1D-A318-348068258F60}.Debug|Any CPU.Build.0 = Debug|Any CPU
		{042DB09B-F30F-4A1D-A318-348068258F60}.Release|Any CPU.ActiveCfg = Release|Any CPU
		{042DB09B-F30F-4A1D-A318-348068258F60}.Release|Any CPU.Build.0 = Release|Any CPU
	EndGlobalSection
	GlobalSection(SolutionProperties) = preSolution
		HideSolutionNode = FALSE
	EndGlobalSection
	GlobalSection(ExtensibilityGlobals) = postSolution
		SolutionGuid = {7FDAAADE-0374-4524-ABB7-D5098D4C1451}
	EndGlobalSection
EndGlobal
